// !$*UTF8*$!
{
	archiveVersion = 1;
	classes = {
	};
	objectVersion = 46;
	objects = {

/* Begin PBXBuildFile section */
		B5FC70B61B4540EF00E5A48F /* main.m in Sources */ = {isa = PBXBuildFile; fileRef = B5FC70B51B4540EF00E5A48F /* main.m */; };
		B5FC70B91B4540EF00E5A48F /* AppDelegate.m in Sources */ = {isa = PBXBuildFile; fileRef = B5FC70B81B4540EF00E5A48F /* AppDelegate.m */; };
		B5FC70BC1B4540EF00E5A48F /* GameScene.m in Sources */ = {isa = PBXBuildFile; fileRef = B5FC70BB1B4540EF00E5A48F /* GameScene.m */; };
		B5FC70BE1B4540EF00E5A48F /* GameScene.sks in Resources */ = {isa = PBXBuildFile; fileRef = B5FC70BD1B4540EF00E5A48F /* GameScene.sks */; };
		B5FC70C11B4540EF00E5A48F /* GameViewController.m in Sources */ = {isa = PBXBuildFile; fileRef = B5FC70C01B4540EF00E5A48F /* GameViewController.m */; };
		B5FC70C41B4540EF00E5A48F /* Main.storyboard in Resources */ = {isa = PBXBuildFile; fileRef = B5FC70C21B4540EF00E5A48F /* Main.storyboard */; };
		B5FC70C61B4540EF00E5A48F /* Images.xcassets in Resources */ = {isa = PBXBuildFile; fileRef = B5FC70C51B4540EF00E5A48F /* Images.xcassets */; };
		B5FC70C91B4540EF00E5A48F /* LaunchScreen.xib in Resources */ = {isa = PBXBuildFile; fileRef = B5FC70C71B4540EF00E5A48F /* LaunchScreen.xib */; };
		B5FC70D51B4540EF00E5A48F /* Easy_DodgeTests.m in Sources */ = {isa = PBXBuildFile; fileRef = B5FC70D41B4540EF00E5A48F /* Easy_DodgeTests.m */; };
		B5FC70E21B46063D00E5A48F /* gameover.png in Resources */ = {isa = PBXBuildFile; fileRef = B5FC70DF1B46063D00E5A48F /* gameover.png */; };
		B5FC70E31B46063D00E5A48F /* left_keyboard_btn.png in Resources */ = {isa = PBXBuildFile; fileRef = B5FC70E01B46063D00E5A48F /* left_keyboard_btn.png */; };
		B5FC70E41B46063D00E5A48F /* right_keyboard_btn.png in Resources */ = {isa = PBXBuildFile; fileRef = B5FC70E11B46063D00E5A48F /* right_keyboard_btn.png */; };
		B5FC70E61B46065D00E5A48F /* fireball.png in Resources */ = {isa = PBXBuildFile; fileRef = B5FC70E51B46065D00E5A48F /* fireball.png */; };
		B5FC70E91B46075000E5A48F /* TextureHelper.m in Sources */ = {isa = PBXBuildFile; fileRef = B5FC70E81B46075000E5A48F /* TextureHelper.m */; };
		B5FC70EB1B46094100E5A48F /* hamster.png in Resources */ = {isa = PBXBuildFile; fileRef = B5FC70EA1B46094100E5A48F /* hamster.png */; };
		B5FC70EE1B4610F400E5A48F /* GameOverViewController.m in Sources */ = {isa = PBXBuildFile; fileRef = B5FC70ED1B4610F400E5A48F /* GameOverViewController.m */; };
		B5FC70F11B46155100E5A48F /* CommonUtil.m in Sources */ = {isa = PBXBuildFile; fileRef = B5FC70F01B46155100E5A48F /* CommonUtil.m */; };
		B5FC70F31B4626F800E5A48F /* geme_fail_bg.png in Resources */ = {isa = PBXBuildFile; fileRef = B5FC70F21B4626F800E5A48F /* geme_fail_bg.png */; };
		B5FC70F81B46278D00E5A48F /* en_restart_btn01png.png in Resources */ = {isa = PBXBuildFile; fileRef = B5FC70F41B46278D00E5A48F /* en_restart_btn01png.png */; };
		B5FC70F91B46278D00E5A48F /* en_restart_btn02png.png in Resources */ = {isa = PBXBuildFile; fileRef = B5FC70F51B46278D00E5A48F /* en_restart_btn02png.png */; };
		B5FC70FA1B46278D00E5A48F /* en_exit_btn01.png.png in Resources */ = {isa = PBXBuildFile; fileRef = B5FC70F61B46278D00E5A48F /* en_exit_btn01.png.png */; };
		B5FC70FB1B46278D00E5A48F /* en_exit_btn02.png.png in Resources */ = {isa = PBXBuildFile; fileRef = B5FC70F71B46278D00E5A48F /* en_exit_btn02.png.png */; };
		B5FC71001B4627B500E5A48F /* exit_btn01.png in Resources */ = {isa = PBXBuildFile; fileRef = B5FC70FC1B4627B500E5A48F /* exit_btn01.png */; };
		B5FC71011B4627B500E5A48F /* exit_btn02.png in Resources */ = {isa = PBXBuildFile; fileRef = B5FC70FD1B4627B500E5A48F /* exit_btn02.png */; };
		B5FC71021B4627B500E5A48F /* game_restart_btn01.png in Resources */ = {isa = PBXBuildFile; fileRef = B5FC70FE1B4627B500E5A48F /* game_restart_btn01.png */; };
		B5FC71031B4627B500E5A48F /* game_restart_btn02.png in Resources */ = {isa = PBXBuildFile; fileRef = B5FC70FF1B4627B500E5A48F /* game_restart_btn02.png */; };
		B5FC71051B462A0D00E5A48F /* leader_board_btn.png in Resources */ = {isa = PBXBuildFile; fileRef = B5FC71041B462A0D00E5A48F /* leader_board_btn.png */; };
		B5FC71081B462D6300E5A48F /* GameCenterUtil.m in Sources */ = {isa = PBXBuildFile; fileRef = B5FC71071B462D6300E5A48F /* GameCenterUtil.m */; };
		B5FC710A1B465D6100E5A48F /* bgMainMenu.png in Resources */ = {isa = PBXBuildFile; fileRef = B5FC71091B465D6100E5A48F /* bgMainMenu.png */; };
		B5FC710C1B46612200E5A48F /* start.png in Resources */ = {isa = PBXBuildFile; fileRef = B5FC710B1B46612200E5A48F /* start.png */; };
		B5FC710E1B46616400E5A48F /* game_resume_btn.png in Resources */ = {isa = PBXBuildFile; fileRef = B5FC710D1B46616400E5A48F /* game_resume_btn.png */; };
		B5FC71111B466B0600E5A48F /* GameOverViewController.m in Sources */ = {isa = PBXBuildFile; fileRef = B5FC70ED1B4610F400E5A48F /* GameOverViewController.m */; };
		B5FC71121B466B0600E5A48F /* TextureHelper.m in Sources */ = {isa = PBXBuildFile; fileRef = B5FC70E81B46075000E5A48F /* TextureHelper.m */; };
		B5FC71131B466B0600E5A48F /* CommonUtil.m in Sources */ = {isa = PBXBuildFile; fileRef = B5FC70F01B46155100E5A48F /* CommonUtil.m */; };
		B5FC71141B466B0600E5A48F /* GameViewController.m in Sources */ = {isa = PBXBuildFile; fileRef = B5FC70C01B4540EF00E5A48F /* GameViewController.m */; };
		B5FC71151B466B0600E5A48F /* GameCenterUtil.m in Sources */ = {isa = PBXBuildFile; fileRef = B5FC71071B462D6300E5A48F /* GameCenterUtil.m */; };
		B5FC71161B466B0600E5A48F /* AppDelegate.m in Sources */ = {isa = PBXBuildFile; fileRef = B5FC70B81B4540EF00E5A48F /* AppDelegate.m */; };
		B5FC71171B466B0600E5A48F /* GameScene.m in Sources */ = {isa = PBXBuildFile; fileRef = B5FC70BB1B4540EF00E5A48F /* GameScene.m */; };
		B5FC71181B466B0600E5A48F /* main.m in Sources */ = {isa = PBXBuildFile; fileRef = B5FC70B51B4540EF00E5A48F /* main.m */; };
		B5FC711B1B466B0600E5A48F /* exit_btn02.png in Resources */ = {isa = PBXBuildFile; fileRef = B5FC70FD1B4627B500E5A48F /* exit_btn02.png */; };
		B5FC711C1B466B0600E5A48F /* game_resume_btn.png in Resources */ = {isa = PBXBuildFile; fileRef = B5FC710D1B46616400E5A48F /* game_resume_btn.png */; };
		B5FC711D1B466B0600E5A48F /* fireball.png in Resources */ = {isa = PBXBuildFile; fileRef = B5FC70E51B46065D00E5A48F /* fireball.png */; };
		B5FC711E1B466B0600E5A48F /* right_keyboard_btn.png in Resources */ = {isa = PBXBuildFile; fileRef = B5FC70E11B46063D00E5A48F /* right_keyboard_btn.png */; };
		B5FC711F1B466B0600E5A48F /* LaunchScreen.xib in Resources */ = {isa = PBXBuildFile; fileRef = B5FC70C71B4540EF00E5A48F /* LaunchScreen.xib */; };
		B5FC71201B466B0600E5A48F /* en_restart_btn02png.png in Resources */ = {isa = PBXBuildFile; fileRef = B5FC70F51B46278D00E5A48F /* en_restart_btn02png.png */; };
		B5FC71211B466B0600E5A48F /* exit_btn01.png in Resources */ = {isa = PBXBuildFile; fileRef = B5FC70FC1B4627B500E5A48F /* exit_btn01.png */; };
		B5FC71221B466B0600E5A48F /* gameover.png in Resources */ = {isa = PBXBuildFile; fileRef = B5FC70DF1B46063D00E5A48F /* gameover.png */; };
		B5FC71231B466B0600E5A48F /* en_restart_btn01png.png in Resources */ = {isa = PBXBuildFile; fileRef = B5FC70F41B46278D00E5A48F /* en_restart_btn01png.png */; };
		B5FC71241B466B0600E5A48F /* en_exit_btn02.png.png in Resources */ = {isa = PBXBuildFile; fileRef = B5FC70F71B46278D00E5A48F /* en_exit_btn02.png.png */; };
		B5FC71251B466B0600E5A48F /* Images.xcassets in Resources */ = {isa = PBXBuildFile; fileRef = B5FC70C51B4540EF00E5A48F /* Images.xcassets */; };
		B5FC71261B466B0600E5A48F /* game_restart_btn01.png in Resources */ = {isa = PBXBuildFile; fileRef = B5FC70FE1B4627B500E5A48F /* game_restart_btn01.png */; };
		B5FC71271B466B0600E5A48F /* en_exit_btn01.png.png in Resources */ = {isa = PBXBuildFile; fileRef = B5FC70F61B46278D00E5A48F /* en_exit_btn01.png.png */; };
		B5FC71281B466B0600E5A48F /* bgMainMenu.png in Resources */ = {isa = PBXBuildFile; fileRef = B5FC71091B465D6100E5A48F /* bgMainMenu.png */; };
		B5FC71291B466B0600E5A48F /* start.png in Resources */ = {isa = PBXBuildFile; fileRef = B5FC710B1B46612200E5A48F /* start.png */; };
		B5FC712A1B466B0600E5A48F /* GameScene.sks in Resources */ = {isa = PBXBuildFile; fileRef = B5FC70BD1B4540EF00E5A48F /* GameScene.sks */; };
		B5FC712B1B466B0600E5A48F /* leader_board_btn.png in Resources */ = {isa = PBXBuildFile; fileRef = B5FC71041B462A0D00E5A48F /* leader_board_btn.png */; };
		B5FC712C1B466B0600E5A48F /* geme_fail_bg.png in Resources */ = {isa = PBXBuildFile; fileRef = B5FC70F21B4626F800E5A48F /* geme_fail_bg.png */; };
		B5FC712D1B466B0600E5A48F /* game_restart_btn02.png in Resources */ = {isa = PBXBuildFile; fileRef = B5FC70FF1B4627B500E5A48F /* game_restart_btn02.png */; };
		B5FC712E1B466B0600E5A48F /* left_keyboard_btn.png in Resources */ = {isa = PBXBuildFile; fileRef = B5FC70E01B46063D00E5A48F /* left_keyboard_btn.png */; };
		B5FC712F1B466B0600E5A48F /* Main.storyboard in Resources */ = {isa = PBXBuildFile; fileRef = B5FC70C21B4540EF00E5A48F /* Main.storyboard */; };
		B5FC71301B466B0600E5A48F /* hamster.png in Resources */ = {isa = PBXBuildFile; fileRef = B5FC70EA1B46094100E5A48F /* hamster.png */; };
/* End PBXBuildFile section */

/* Begin PBXContainerItemProxy section */
		B5FC70CF1B4540EF00E5A48F /* PBXContainerItemProxy */ = {
			isa = PBXContainerItemProxy;
			containerPortal = B5FC70A81B4540EF00E5A48F /* Project object */;
			proxyType = 1;
			remoteGlobalIDString = B5FC70AF1B4540EF00E5A48F;
			remoteInfo = Easy_Dodge;
		};
/* End PBXContainerItemProxy section */

/* Begin PBXFileReference section */
		B5FC70B01B4540EF00E5A48F /* Easy_Dodge.app */ = {isa = PBXFileReference; explicitFileType = wrapper.application; includeInIndex = 0; path = Easy_Dodge.app; sourceTree = BUILT_PRODUCTS_DIR; };
		B5FC70B41B4540EF00E5A48F /* Info.plist */ = {isa = PBXFileReference; lastKnownFileType = text.plist.xml; path = Info.plist; sourceTree = "<group>"; };
		B5FC70B51B4540EF00E5A48F /* main.m */ = {isa = PBXFileReference; lastKnownFileType = sourcecode.c.objc; path = main.m; sourceTree = "<group>"; };
		B5FC70B71B4540EF00E5A48F /* AppDelegate.h */ = {isa = PBXFileReference; lastKnownFileType = sourcecode.c.h; path = AppDelegate.h; sourceTree = "<group>"; };
		B5FC70B81B4540EF00E5A48F /* AppDelegate.m */ = {isa = PBXFileReference; lastKnownFileType = sourcecode.c.objc; path = AppDelegate.m; sourceTree = "<group>"; };
		B5FC70BA1B4540EF00E5A48F /* GameScene.h */ = {isa = PBXFileReference; lastKnownFileType = sourcecode.c.h; path = GameScene.h; sourceTree = "<group>"; };
		B5FC70BB1B4540EF00E5A48F /* GameScene.m */ = {isa = PBXFileReference; lastKnownFileType = sourcecode.c.objc; path = GameScene.m; sourceTree = "<group>"; };
		B5FC70BD1B4540EF00E5A48F /* GameScene.sks */ = {isa = PBXFileReference; lastKnownFileType = file.sks; path = GameScene.sks; sourceTree = "<group>"; };
		B5FC70BF1B4540EF00E5A48F /* GameViewController.h */ = {isa = PBXFileReference; lastKnownFileType = sourcecode.c.h; path = GameViewController.h; sourceTree = "<group>"; };
		B5FC70C01B4540EF00E5A48F /* GameViewController.m */ = {isa = PBXFileReference; lastKnownFileType = sourcecode.c.objc; path = GameViewController.m; sourceTree = "<group>"; };
		B5FC70C31B4540EF00E5A48F /* Base */ = {isa = PBXFileReference; lastKnownFileType = file.storyboard; name = Base; path = Base.lproj/Main.storyboard; sourceTree = "<group>"; };
		B5FC70C51B4540EF00E5A48F /* Images.xcassets */ = {isa = PBXFileReference; lastKnownFileType = folder.assetcatalog; path = Images.xcassets; sourceTree = "<group>"; };
		B5FC70C81B4540EF00E5A48F /* Base */ = {isa = PBXFileReference; lastKnownFileType = file.xib; name = Base; path = Base.lproj/LaunchScreen.xib; sourceTree = "<group>"; };
		B5FC70CE1B4540EF00E5A48F /* Easy_DodgeTests.xctest */ = {isa = PBXFileReference; explicitFileType = wrapper.cfbundle; includeInIndex = 0; path = Easy_DodgeTests.xctest; sourceTree = BUILT_PRODUCTS_DIR; };
		B5FC70D31B4540EF00E5A48F /* Info.plist */ = {isa = PBXFileReference; lastKnownFileType = text.plist.xml; path = Info.plist; sourceTree = "<group>"; };
		B5FC70D41B4540EF00E5A48F /* Easy_DodgeTests.m */ = {isa = PBXFileReference; lastKnownFileType = sourcecode.c.objc; path = Easy_DodgeTests.m; sourceTree = "<group>"; };
		B5FC70DF1B46063D00E5A48F /* gameover.png */ = {isa = PBXFileReference; lastKnownFileType = image.png; path = gameover.png; sourceTree = "<group>"; };
		B5FC70E01B46063D00E5A48F /* left_keyboard_btn.png */ = {isa = PBXFileReference; lastKnownFileType = image.png; path = left_keyboard_btn.png; sourceTree = "<group>"; };
		B5FC70E11B46063D00E5A48F /* right_keyboard_btn.png */ = {isa = PBXFileReference; lastKnownFileType = image.png; path = right_keyboard_btn.png; sourceTree = "<group>"; };
		B5FC70E51B46065D00E5A48F /* fireball.png */ = {isa = PBXFileReference; lastKnownFileType = image.png; path = fireball.png; sourceTree = "<group>"; };
		B5FC70E71B46075000E5A48F /* TextureHelper.h */ = {isa = PBXFileReference; fileEncoding = 4; lastKnownFileType = sourcecode.c.h; path = TextureHelper.h; sourceTree = "<group>"; };
		B5FC70E81B46075000E5A48F /* TextureHelper.m */ = {isa = PBXFileReference; fileEncoding = 4; lastKnownFileType = sourcecode.c.objc; path = TextureHelper.m; sourceTree = "<group>"; };
		B5FC70EA1B46094100E5A48F /* hamster.png */ = {isa = PBXFileReference; lastKnownFileType = image.png; path = hamster.png; sourceTree = "<group>"; };
		B5FC70EC1B4610F400E5A48F /* GameOverViewController.h */ = {isa = PBXFileReference; fileEncoding = 4; lastKnownFileType = sourcecode.c.h; path = GameOverViewController.h; sourceTree = "<group>"; };
		B5FC70ED1B4610F400E5A48F /* GameOverViewController.m */ = {isa = PBXFileReference; fileEncoding = 4; lastKnownFileType = sourcecode.c.objc; path = GameOverViewController.m; sourceTree = "<group>"; };
		B5FC70EF1B46155100E5A48F /* CommonUtil.h */ = {isa = PBXFileReference; fileEncoding = 4; lastKnownFileType = sourcecode.c.h; path = CommonUtil.h; sourceTree = "<group>"; };
		B5FC70F01B46155100E5A48F /* CommonUtil.m */ = {isa = PBXFileReference; fileEncoding = 4; lastKnownFileType = sourcecode.c.objc; path = CommonUtil.m; sourceTree = "<group>"; };
		B5FC70F21B4626F800E5A48F /* geme_fail_bg.png */ = {isa = PBXFileReference; lastKnownFileType = image.png; path = geme_fail_bg.png; sourceTree = "<group>"; };
		B5FC70F41B46278D00E5A48F /* en_restart_btn01png.png */ = {isa = PBXFileReference; lastKnownFileType = image.png; path = en_restart_btn01png.png; sourceTree = "<group>"; };
		B5FC70F51B46278D00E5A48F /* en_restart_btn02png.png */ = {isa = PBXFileReference; lastKnownFileType = image.png; path = en_restart_btn02png.png; sourceTree = "<group>"; };
		B5FC70F61B46278D00E5A48F /* en_exit_btn01.png.png */ = {isa = PBXFileReference; lastKnownFileType = image.png; path = en_exit_btn01.png.png; sourceTree = "<group>"; };
		B5FC70F71B46278D00E5A48F /* en_exit_btn02.png.png */ = {isa = PBXFileReference; lastKnownFileType = image.png; path = en_exit_btn02.png.png; sourceTree = "<group>"; };
		B5FC70FC1B4627B500E5A48F /* exit_btn01.png */ = {isa = PBXFileReference; lastKnownFileType = image.png; path = exit_btn01.png; sourceTree = "<group>"; };
		B5FC70FD1B4627B500E5A48F /* exit_btn02.png */ = {isa = PBXFileReference; lastKnownFileType = image.png; path = exit_btn02.png; sourceTree = "<group>"; };
		B5FC70FE1B4627B500E5A48F /* game_restart_btn01.png */ = {isa = PBXFileReference; lastKnownFileType = image.png; path = game_restart_btn01.png; sourceTree = "<group>"; };
		B5FC70FF1B4627B500E5A48F /* game_restart_btn02.png */ = {isa = PBXFileReference; lastKnownFileType = image.png; path = game_restart_btn02.png; sourceTree = "<group>"; };
		B5FC71041B462A0D00E5A48F /* leader_board_btn.png */ = {isa = PBXFileReference; lastKnownFileType = image.png; path = leader_board_btn.png; sourceTree = "<group>"; };
		B5FC71061B462D6300E5A48F /* GameCenterUtil.h */ = {isa = PBXFileReference; fileEncoding = 4; lastKnownFileType = sourcecode.c.h; path = GameCenterUtil.h; sourceTree = "<group>"; };
		B5FC71071B462D6300E5A48F /* GameCenterUtil.m */ = {isa = PBXFileReference; fileEncoding = 4; lastKnownFileType = sourcecode.c.objc; path = GameCenterUtil.m; sourceTree = "<group>"; };
		B5FC71091B465D6100E5A48F /* bgMainMenu.png */ = {isa = PBXFileReference; lastKnownFileType = image.png; path = bgMainMenu.png; sourceTree = "<group>"; };
		B5FC710B1B46612200E5A48F /* start.png */ = {isa = PBXFileReference; lastKnownFileType = image.png; path = start.png; sourceTree = "<group>"; };
		B5FC710D1B46616400E5A48F /* game_resume_btn.png */ = {isa = PBXFileReference; lastKnownFileType = image.png; path = game_resume_btn.png; sourceTree = "<group>"; };
		B5FC71341B466B0600E5A48F /* QuteDodge.app */ = {isa = PBXFileReference; explicitFileType = wrapper.application; includeInIndex = 0; path = QuteDodge.app; sourceTree = BUILT_PRODUCTS_DIR; };
		B5FC71351B466B0600E5A48F /* QuteDodge copy-Info.plist */ = {isa = PBXFileReference; lastKnownFileType = text.plist.xml; path = "QuteDodge copy-Info.plist"; sourceTree = "<group>"; };
/* End PBXFileReference section */

/* Begin PBXFrameworksBuildPhase section */
		B5FC70AD1B4540EF00E5A48F /* Frameworks */ = {
			isa = PBXFrameworksBuildPhase;
			buildActionMask = 2147483647;
			files = (
			);
			runOnlyForDeploymentPostprocessing = 0;
		};
		B5FC70CB1B4540EF00E5A48F /* Frameworks */ = {
			isa = PBXFrameworksBuildPhase;
			buildActionMask = 2147483647;
			files = (
			);
			runOnlyForDeploymentPostprocessing = 0;
		};
		B5FC71191B466B0600E5A48F /* Frameworks */ = {
			isa = PBXFrameworksBuildPhase;
			buildActionMask = 2147483647;
			files = (
			);
			runOnlyForDeploymentPostprocessing = 0;
		};
/* End PBXFrameworksBuildPhase section */

/* Begin PBXGroup section */
		B5FC70A71B4540EF00E5A48F = {
			isa = PBXGroup;
			children = (
				B5FC70B21B4540EF00E5A48F /* Easy_Dodge */,
				B5FC70D11B4540EF00E5A48F /* Easy_DodgeTests */,
				B5FC70B11B4540EF00E5A48F /* Products */,
				B5FC71351B466B0600E5A48F /* QuteDodge copy-Info.plist */,
			);
			sourceTree = "<group>";
		};
		B5FC70B11B4540EF00E5A48F /* Products */ = {
			isa = PBXGroup;
			children = (
				B5FC70B01B4540EF00E5A48F /* Easy_Dodge.app */,
				B5FC70CE1B4540EF00E5A48F /* Easy_DodgeTests.xctest */,
				B5FC71341B466B0600E5A48F /* QuteDodge.app */,
			);
			name = Products;
			sourceTree = "<group>";
		};
		B5FC70B21B4540EF00E5A48F /* Easy_Dodge */ = {
			isa = PBXGroup;
			children = (
				B5FC70DE1B46061D00E5A48F /* Images */,
				B5FC70B71B4540EF00E5A48F /* AppDelegate.h */,
				B5FC70B81B4540EF00E5A48F /* AppDelegate.m */,
				B5FC70EF1B46155100E5A48F /* CommonUtil.h */,
				B5FC70F01B46155100E5A48F /* CommonUtil.m */,
				B5FC70BA1B4540EF00E5A48F /* GameScene.h */,
				B5FC70BB1B4540EF00E5A48F /* GameScene.m */,
				B5FC70BD1B4540EF00E5A48F /* GameScene.sks */,
				B5FC70BF1B4540EF00E5A48F /* GameViewController.h */,
				B5FC70C01B4540EF00E5A48F /* GameViewController.m */,
				B5FC70EC1B4610F400E5A48F /* GameOverViewController.h */,
				B5FC70ED1B4610F400E5A48F /* GameOverViewController.m */,
				B5FC71061B462D6300E5A48F /* GameCenterUtil.h */,
				B5FC71071B462D6300E5A48F /* GameCenterUtil.m */,
				B5FC70E71B46075000E5A48F /* TextureHelper.h */,
				B5FC70E81B46075000E5A48F /* TextureHelper.m */,
				B5FC70C21B4540EF00E5A48F /* Main.storyboard */,
				B5FC70C51B4540EF00E5A48F /* Images.xcassets */,
				B5FC70C71B4540EF00E5A48F /* LaunchScreen.xib */,
				B5FC70B31B4540EF00E5A48F /* Supporting Files */,
			);
			path = Easy_Dodge;
			sourceTree = "<group>";
		};
		B5FC70B31B4540EF00E5A48F /* Supporting Files */ = {
			isa = PBXGroup;
			children = (
				B5FC70B41B4540EF00E5A48F /* Info.plist */,
				B5FC70B51B4540EF00E5A48F /* main.m */,
			);
			name = "Supporting Files";
			sourceTree = "<group>";
		};
		B5FC70D11B4540EF00E5A48F /* Easy_DodgeTests */ = {
			isa = PBXGroup;
			children = (
				B5FC70D41B4540EF00E5A48F /* Easy_DodgeTests.m */,
				B5FC70D21B4540EF00E5A48F /* Supporting Files */,
			);
			path = Easy_DodgeTests;
			sourceTree = "<group>";
		};
		B5FC70D21B4540EF00E5A48F /* Supporting Files */ = {
			isa = PBXGroup;
			children = (
				B5FC70D31B4540EF00E5A48F /* Info.plist */,
			);
			name = "Supporting Files";
			sourceTree = "<group>";
		};
		B5FC70DE1B46061D00E5A48F /* Images */ = {
			isa = PBXGroup;
			children = (
				B5FC70DF1B46063D00E5A48F /* gameover.png */,
				B5FC70E01B46063D00E5A48F /* left_keyboard_btn.png */,
				B5FC70E11B46063D00E5A48F /* right_keyboard_btn.png */,
				B5FC70E51B46065D00E5A48F /* fireball.png */,
				B5FC70EA1B46094100E5A48F /* hamster.png */,
				B5FC70F21B4626F800E5A48F /* geme_fail_bg.png */,
				B5FC70F41B46278D00E5A48F /* en_restart_btn01png.png */,
				B5FC70F51B46278D00E5A48F /* en_restart_btn02png.png */,
				B5FC70F61B46278D00E5A48F /* en_exit_btn01.png.png */,
				B5FC70F71B46278D00E5A48F /* en_exit_btn02.png.png */,
				B5FC70FC1B4627B500E5A48F /* exit_btn01.png */,
				B5FC70FD1B4627B500E5A48F /* exit_btn02.png */,
				B5FC70FE1B4627B500E5A48F /* game_restart_btn01.png */,
				B5FC70FF1B4627B500E5A48F /* game_restart_btn02.png */,
				B5FC71041B462A0D00E5A48F /* leader_board_btn.png */,
				B5FC71091B465D6100E5A48F /* bgMainMenu.png */,
				B5FC710B1B46612200E5A48F /* start.png */,
				B5FC710D1B46616400E5A48F /* game_resume_btn.png */,
			);
			name = Images;
			sourceTree = "<group>";
		};
/* End PBXGroup section */

/* Begin PBXNativeTarget section */
		B5FC70AF1B4540EF00E5A48F /* Easy_Dodge */ = {
			isa = PBXNativeTarget;
			buildConfigurationList = B5FC70D81B4540EF00E5A48F /* Build configuration list for PBXNativeTarget "Easy_Dodge" */;
			buildPhases = (
				B5FC70AC1B4540EF00E5A48F /* Sources */,
				B5FC70AD1B4540EF00E5A48F /* Frameworks */,
				B5FC70AE1B4540EF00E5A48F /* Resources */,
			);
			buildRules = (
			);
			dependencies = (
			);
			name = Easy_Dodge;
			productName = Easy_Dodge;
			productReference = B5FC70B01B4540EF00E5A48F /* Easy_Dodge.app */;
			productType = "com.apple.product-type.application";
		};
		B5FC70CD1B4540EF00E5A48F /* Easy_DodgeTests */ = {
			isa = PBXNativeTarget;
			buildConfigurationList = B5FC70DB1B4540EF00E5A48F /* Build configuration list for PBXNativeTarget "Easy_DodgeTests" */;
			buildPhases = (
				B5FC70CA1B4540EF00E5A48F /* Sources */,
				B5FC70CB1B4540EF00E5A48F /* Frameworks */,
				B5FC70CC1B4540EF00E5A48F /* Resources */,
			);
			buildRules = (
			);
			dependencies = (
				B5FC70D01B4540EF00E5A48F /* PBXTargetDependency */,
			);
			name = Easy_DodgeTests;
			productName = Easy_DodgeTests;
			productReference = B5FC70CE1B4540EF00E5A48F /* Easy_DodgeTests.xctest */;
			productType = "com.apple.product-type.bundle.unit-test";
		};
		B5FC710F1B466B0600E5A48F /* QuteDodge */ = {
			isa = PBXNativeTarget;
			buildConfigurationList = B5FC71311B466B0600E5A48F /* Build configuration list for PBXNativeTarget "QuteDodge" */;
			buildPhases = (
				B5FC71101B466B0600E5A48F /* Sources */,
				B5FC71191B466B0600E5A48F /* Frameworks */,
				B5FC711A1B466B0600E5A48F /* Resources */,
			);
			buildRules = (
			);
			dependencies = (
			);
			name = QuteDodge;
			productName = Easy_Dodge;
			productReference = B5FC71341B466B0600E5A48F /* QuteDodge.app */;
			productType = "com.apple.product-type.application";
		};
/* End PBXNativeTarget section */

/* Begin PBXProject section */
		B5FC70A81B4540EF00E5A48F /* Project object */ = {
			isa = PBXProject;
			attributes = {
				LastUpgradeCheck = 0620;
				ORGANIZATIONNAME = irons;
				TargetAttributes = {
					B5FC70AF1B4540EF00E5A48F = {
						CreatedOnToolsVersion = 6.2;
					};
					B5FC70CD1B4540EF00E5A48F = {
						CreatedOnToolsVersion = 6.2;
						TestTargetID = B5FC70AF1B4540EF00E5A48F;
					};
				};
			};
			buildConfigurationList = B5FC70AB1B4540EF00E5A48F /* Build configuration list for PBXProject "QuteDodge" */;
			compatibilityVersion = "Xcode 3.2";
			developmentRegion = English;
			hasScannedForEncodings = 0;
			knownRegions = (
				en,
				Base,
			);
			mainGroup = B5FC70A71B4540EF00E5A48F;
			productRefGroup = B5FC70B11B4540EF00E5A48F /* Products */;
			projectDirPath = "";
			projectRoot = "";
			targets = (
				B5FC70AF1B4540EF00E5A48F /* Easy_Dodge */,
				B5FC70CD1B4540EF00E5A48F /* Easy_DodgeTests */,
				B5FC710F1B466B0600E5A48F /* QuteDodge */,
			);
		};
/* End PBXProject section */

/* Begin PBXResourcesBuildPhase section */
		B5FC70AE1B4540EF00E5A48F /* Resources */ = {
			isa = PBXResourcesBuildPhase;
			buildActionMask = 2147483647;
			files = (
				B5FC71011B4627B500E5A48F /* exit_btn02.png in Resources */,
				B5FC710E1B46616400E5A48F /* game_resume_btn.png in Resources */,
				B5FC70E61B46065D00E5A48F /* fireball.png in Resources */,
				B5FC70E41B46063D00E5A48F /* right_keyboard_btn.png in Resources */,
				B5FC70C91B4540EF00E5A48F /* LaunchScreen.xib in Resources */,
				B5FC70F91B46278D00E5A48F /* en_restart_btn02png.png in Resources */,
				B5FC71001B4627B500E5A48F /* exit_btn01.png in Resources */,
				B5FC70E21B46063D00E5A48F /* gameover.png in Resources */,
				B5FC70F81B46278D00E5A48F /* en_restart_btn01png.png in Resources */,
				B5FC70FB1B46278D00E5A48F /* en_exit_btn02.png.png in Resources */,
				B5FC70C61B4540EF00E5A48F /* Images.xcassets in Resources */,
				B5FC71021B4627B500E5A48F /* game_restart_btn01.png in Resources */,
				B5FC70FA1B46278D00E5A48F /* en_exit_btn01.png.png in Resources */,
				B5FC710A1B465D6100E5A48F /* bgMainMenu.png in Resources */,
				B5FC710C1B46612200E5A48F /* start.png in Resources */,
				B5FC70BE1B4540EF00E5A48F /* GameScene.sks in Resources */,
				B5FC71051B462A0D00E5A48F /* leader_board_btn.png in Resources */,
				B5FC70F31B4626F800E5A48F /* geme_fail_bg.png in Resources */,
				B5FC71031B4627B500E5A48F /* game_restart_btn02.png in Resources */,
				B5FC70E31B46063D00E5A48F /* left_keyboard_btn.png in Resources */,
				B5FC70C41B4540EF00E5A48F /* Main.storyboard in Resources */,
				B5FC70EB1B46094100E5A48F /* hamster.png in Resources */,
			);
			runOnlyForDeploymentPostprocessing = 0;
		};
		B5FC70CC1B4540EF00E5A48F /* Resources */ = {
			isa = PBXResourcesBuildPhase;
			buildActionMask = 2147483647;
			files = (
			);
			runOnlyForDeploymentPostprocessing = 0;
		};
		B5FC711A1B466B0600E5A48F /* Resources */ = {
			isa = PBXResourcesBuildPhase;
			buildActionMask = 2147483647;
			files = (
				B5FC711B1B466B0600E5A48F /* exit_btn02.png in Resources */,
				B5FC711C1B466B0600E5A48F /* game_resume_btn.png in Resources */,
				B5FC711D1B466B0600E5A48F /* fireball.png in Resources */,
				B5FC711E1B466B0600E5A48F /* right_keyboard_btn.png in Resources */,
				B5FC711F1B466B0600E5A48F /* LaunchScreen.xib in Resources */,
				B5FC71201B466B0600E5A48F /* en_restart_btn02png.png in Resources */,
				B5FC71211B466B0600E5A48F /* exit_btn01.png in Resources */,
				B5FC71221B466B0600E5A48F /* gameover.png in Resources */,
				B5FC71231B466B0600E5A48F /* en_restart_btn01png.png in Resources */,
				B5FC71241B466B0600E5A48F /* en_exit_btn02.png.png in Resources */,
				B5FC71251B466B0600E5A48F /* Images.xcassets in Resources */,
				B5FC71261B466B0600E5A48F /* game_restart_btn01.png in Resources */,
				B5FC71271B466B0600E5A48F /* en_exit_btn01.png.png in Resources */,
				B5FC71281B466B0600E5A48F /* bgMainMenu.png in Resources */,
				B5FC71291B466B0600E5A48F /* start.png in Resources */,
				B5FC712A1B466B0600E5A48F /* GameScene.sks in Resources */,
				B5FC712B1B466B0600E5A48F /* leader_board_btn.png in Resources */,
				B5FC712C1B466B0600E5A48F /* geme_fail_bg.png in Resources */,
				B5FC712D1B466B0600E5A48F /* game_restart_btn02.png in Resources */,
				B5FC712E1B466B0600E5A48F /* left_keyboard_btn.png in Resources */,
				B5FC712F1B466B0600E5A48F /* Main.storyboard in Resources */,
				B5FC71301B466B0600E5A48F /* hamster.png in Resources */,
			);
			runOnlyForDeploymentPostprocessing = 0;
		};
/* End PBXResourcesBuildPhase section */

/* Begin PBXSourcesBuildPhase section */
		B5FC70AC1B4540EF00E5A48F /* Sources */ = {
			isa = PBXSourcesBuildPhase;
			buildActionMask = 2147483647;
			files = (
				B5FC70EE1B4610F400E5A48F /* GameOverViewController.m in Sources */,
				B5FC70E91B46075000E5A48F /* TextureHelper.m in Sources */,
				B5FC70F11B46155100E5A48F /* CommonUtil.m in Sources */,
				B5FC70C11B4540EF00E5A48F /* GameViewController.m in Sources */,
				B5FC71081B462D6300E5A48F /* GameCenterUtil.m in Sources */,
				B5FC70B91B4540EF00E5A48F /* AppDelegate.m in Sources */,
				B5FC70BC1B4540EF00E5A48F /* GameScene.m in Sources */,
				B5FC70B61B4540EF00E5A48F /* main.m in Sources */,
			);
			runOnlyForDeploymentPostprocessing = 0;
		};
		B5FC70CA1B4540EF00E5A48F /* Sources */ = {
			isa = PBXSourcesBuildPhase;
			buildActionMask = 2147483647;
			files = (
				B5FC70D51B4540EF00E5A48F /* Easy_DodgeTests.m in Sources */,
			);
			runOnlyForDeploymentPostprocessing = 0;
		};
		B5FC71101B466B0600E5A48F /* Sources */ = {
			isa = PBXSourcesBuildPhase;
			buildActionMask = 2147483647;
			files = (
				B5FC71111B466B0600E5A48F /* GameOverViewController.m in Sources */,
				B5FC71121B466B0600E5A48F /* TextureHelper.m in Sources */,
				B5FC71131B466B0600E5A48F /* CommonUtil.m in Sources */,
				B5FC71141B466B0600E5A48F /* GameViewController.m in Sources */,
				B5FC71151B466B0600E5A48F /* GameCenterUtil.m in Sources */,
				B5FC71161B466B0600E5A48F /* AppDelegate.m in Sources */,
				B5FC71171B466B0600E5A48F /* GameScene.m in Sources */,
				B5FC71181B466B0600E5A48F /* main.m in Sources */,
			);
			runOnlyForDeploymentPostprocessing = 0;
		};
/* End PBXSourcesBuildPhase section */

/* Begin PBXTargetDependency section */
		B5FC70D01B4540EF00E5A48F /* PBXTargetDependency */ = {
			isa = PBXTargetDependency;
			target = B5FC70AF1B4540EF00E5A48F /* Easy_Dodge */;
			targetProxy = B5FC70CF1B4540EF00E5A48F /* PBXContainerItemProxy */;
		};
/* End PBXTargetDependency section */

/* Begin PBXVariantGroup section */
		B5FC70C21B4540EF00E5A48F /* Main.storyboard */ = {
			isa = PBXVariantGroup;
			children = (
				B5FC70C31B4540EF00E5A48F /* Base */,
			);
			name = Main.storyboard;
			sourceTree = "<group>";
		};
		B5FC70C71B4540EF00E5A48F /* LaunchScreen.xib */ = {
			isa = PBXVariantGroup;
			children = (
				B5FC70C81B4540EF00E5A48F /* Base */,
			);
			name = LaunchScreen.xib;
			sourceTree = "<group>";
		};
/* End PBXVariantGroup section */

/* Begin XCBuildConfiguration section */
		B5FC70D61B4540EF00E5A48F /* Debug */ = {
			isa = XCBuildConfiguration;
			buildSettings = {
				ALWAYS_SEARCH_USER_PATHS = NO;
				CLANG_CXX_LANGUAGE_STANDARD = "gnu++0x";
				CLANG_CXX_LIBRARY = "libc++";
				CLANG_ENABLE_MODULES = YES;
				CLANG_ENABLE_OBJC_ARC = YES;
				CLANG_WARN_BOOL_CONVERSION = YES;
				CLANG_WARN_CONSTANT_CONVERSION = YES;
				CLANG_WARN_DIRECT_OBJC_ISA_USAGE = YES_ERROR;
				CLANG_WARN_EMPTY_BODY = YES;
				CLANG_WARN_ENUM_CONVERSION = YES;
				CLANG_WARN_INT_CONVERSION = YES;
				CLANG_WARN_OBJC_ROOT_CLASS = YES_ERROR;
				CLANG_WARN_UNREACHABLE_CODE = YES;
				CLANG_WARN__DUPLICATE_METHOD_MATCH = YES;
				"CODE_SIGN_IDENTITY[sdk=iphoneos*]" = "iPhone Developer";
				COPY_PHASE_STRIP = NO;
				ENABLE_STRICT_OBJC_MSGSEND = YES;
				GCC_C_LANGUAGE_STANDARD = gnu99;
				GCC_DYNAMIC_NO_PIC = NO;
				GCC_OPTIMIZATION_LEVEL = 0;
				GCC_PREPROCESSOR_DEFINITIONS = (
					"DEBUG=1",
					"$(inherited)",
				);
				GCC_SYMBOLS_PRIVATE_EXTERN = NO;
				GCC_WARN_64_TO_32_BIT_CONVERSION = YES;
				GCC_WARN_ABOUT_RETURN_TYPE = YES_ERROR;
				GCC_WARN_UNDECLARED_SELECTOR = YES;
				GCC_WARN_UNINITIALIZED_AUTOS = YES_AGGRESSIVE;
				GCC_WARN_UNUSED_FUNCTION = YES;
				GCC_WARN_UNUSED_VARIABLE = YES;
				IPHONEOS_DEPLOYMENT_TARGET = 8.2;
				MTL_ENABLE_DEBUG_INFO = YES;
				ONLY_ACTIVE_ARCH = YES;
				SDKROOT = iphoneos;
			};
			name = Debug;
		};
		B5FC70D71B4540EF00E5A48F /* Release */ = {
			isa = XCBuildConfiguration;
			buildSettings = {
				ALWAYS_SEARCH_USER_PATHS = NO;
				CLANG_CXX_LANGUAGE_STANDARD = "gnu++0x";
				CLANG_CXX_LIBRARY = "libc++";
				CLANG_ENABLE_MODULES = YES;
				CLANG_ENABLE_OBJC_ARC = YES;
				CLANG_WARN_BOOL_CONVERSION = YES;
				CLANG_WARN_CONSTANT_CONVERSION = YES;
				CLANG_WARN_DIRECT_OBJC_ISA_USAGE = YES_ERROR;
				CLANG_WARN_EMPTY_BODY = YES;
				CLANG_WARN_ENUM_CONVERSION = YES;
				CLANG_WARN_INT_CONVERSION = YES;
				CLANG_WARN_OBJC_ROOT_CLASS = YES_ERROR;
				CLANG_WARN_UNREACHABLE_CODE = YES;
				CLANG_WARN__DUPLICATE_METHOD_MATCH = YES;
				"CODE_SIGN_IDENTITY[sdk=iphoneos*]" = "iPhone Developer";
				COPY_PHASE_STRIP = NO;
				ENABLE_NS_ASSERTIONS = NO;
				ENABLE_STRICT_OBJC_MSGSEND = YES;
				GCC_C_LANGUAGE_STANDARD = gnu99;
				GCC_WARN_64_TO_32_BIT_CONVERSION = YES;
				GCC_WARN_ABOUT_RETURN_TYPE = YES_ERROR;
				GCC_WARN_UNDECLARED_SELECTOR = YES;
				GCC_WARN_UNINITIALIZED_AUTOS = YES_AGGRESSIVE;
				GCC_WARN_UNUSED_FUNCTION = YES;
				GCC_WARN_UNUSED_VARIABLE = YES;
				IPHONEOS_DEPLOYMENT_TARGET = 8.2;
				MTL_ENABLE_DEBUG_INFO = NO;
				SDKROOT = iphoneos;
				VALIDATE_PRODUCT = YES;
			};
			name = Release;
		};
		B5FC70D91B4540EF00E5A48F /* Debug */ = {
			isa = XCBuildConfiguration;
			buildSettings = {
				ASSETCATALOG_COMPILER_APPICON_NAME = AppIcon;
				INFOPLIST_FILE = Easy_Dodge/Info.plist;
				LD_RUNPATH_SEARCH_PATHS = "$(inherited) @executable_path/Frameworks";
				PRODUCT_NAME = "$(TARGET_NAME)";
			};
			name = Debug;
		};
		B5FC70DA1B4540EF00E5A48F /* Release */ = {
			isa = XCBuildConfiguration;
			buildSettings = {
				ASSETCATALOG_COMPILER_APPICON_NAME = AppIcon;
				INFOPLIST_FILE = Easy_Dodge/Info.plist;
				LD_RUNPATH_SEARCH_PATHS = "$(inherited) @executable_path/Frameworks";
				PRODUCT_NAME = "$(TARGET_NAME)";
			};
			name = Release;
		};
		B5FC70DC1B4540EF00E5A48F /* Debug */ = {
			isa = XCBuildConfiguration;
			buildSettings = {
				BUNDLE_LOADER = "$(TEST_HOST)";
				FRAMEWORK_SEARCH_PATHS = (
					"$(SDKROOT)/Developer/Library/Frameworks",
					"$(inherited)",
				);
				GCC_PREPROCESSOR_DEFINITIONS = (
					"DEBUG=1",
					"$(inherited)",
				);
				INFOPLIST_FILE = Easy_DodgeTests/Info.plist;
				LD_RUNPATH_SEARCH_PATHS = "$(inherited) @executable_path/Frameworks @loader_path/Frameworks";
				PRODUCT_NAME = "$(TARGET_NAME)";
				TEST_HOST = "$(BUILT_PRODUCTS_DIR)/Easy_Dodge.app/Easy_Dodge";
			};
			name = Debug;
		};
		B5FC70DD1B4540EF00E5A48F /* Release */ = {
			isa = XCBuildConfiguration;
			buildSettings = {
				BUNDLE_LOADER = "$(TEST_HOST)";
				FRAMEWORK_SEARCH_PATHS = (
					"$(SDKROOT)/Developer/Library/Frameworks",
					"$(inherited)",
				);
				INFOPLIST_FILE = Easy_DodgeTests/Info.plist;
				LD_RUNPATH_SEARCH_PATHS = "$(inherited) @executable_path/Frameworks @loader_path/Frameworks";
				PRODUCT_NAME = "$(TARGET_NAME)";
				TEST_HOST = "$(BUILT_PRODUCTS_DIR)/Easy_Dodge.app/Easy_Dodge";
			};
			name = Release;
		};
		B5FC71321B466B0600E5A48F /* Debug */ = {
			isa = XCBuildConfiguration;
			buildSettings = {
				ASSETCATALOG_COMPILER_APPICON_NAME = AppIcon;
				CODE_SIGN_IDENTITY = "iPhone Developer";
				INFOPLIST_FILE = "QuteDodge copy-Info.plist";
				LD_RUNPATH_SEARCH_PATHS = "$(inherited) @executable_path/Frameworks";
				PRODUCT_NAME = QuteDodge;
				PROVISIONING_PROFILE = "1b7b5f9c-e5cd-48eb-9d78-cd085f7bda88";
				TARGETED_DEVICE_FAMILY = "1,2";
			};
			name = Debug;
		};
		B5FC71331B466B0600E5A48F /* Release */ = {
			isa = XCBuildConfiguration;
			buildSettings = {
				ASSETCATALOG_COMPILER_APPICON_NAME = AppIcon;
				CODE_SIGN_IDENTITY = "iPhone Developer";
				INFOPLIST_FILE = "QuteDodge copy-Info.plist";
				LD_RUNPATH_SEARCH_PATHS = "$(inherited) @executable_path/Frameworks";
				PRODUCT_NAME = QuteDodge;
				PROVISIONING_PROFILE = "1b7b5f9c-e5cd-48eb-9d78-cd085f7bda88";
				TARGETED_DEVICE_FAMILY = "1,2";
			};
			name = Release;
		};
/* End XCBuildConfiguration section */

/* Begin XCConfigurationList section */
		B5FC70AB1B4540EF00E5A48F /* Build configuration list for PBXProject "QuteDodge" */ = {
			isa = XCConfigurationList;
			buildConfigurations = (
				B5FC70D61B4540EF00E5A48F /* Debug */,
				B5FC70D71B4540EF00E5A48F /* Release */,
			);
			defaultConfigurationIsVisible = 0;
			defaultConfigurationName = Release;
		};
		B5FC70D81B4540EF00E5A48F /* Build configuration list for PBXNativeTarget "Easy_Dodge" */ = {
			isa = XCConfigurationList;
			buildConfigurations = (
				B5FC70D91B4540EF00E5A48F /* Debug */,
				B5FC70DA1B4540EF00E5A48F /* Release */,
			);
			defaultConfigurationIsVisible = 0;
			defaultConfigurationName = Release;
		};
		B5FC70DB1B4540EF00E5A48F /* Build configuration list for PBXNativeTarget "Easy_DodgeTests" */ = {
			isa = XCConfigurationList;
			buildConfigurations = (
				B5FC70DC1B4540EF00E5A48F /* Debug */,
				B5FC70DD1B4540EF00E5A48F /* Release */,
			);
			defaultConfigurationIsVisible = 0;
			defaultConfigurationName = Release;
		};
		B5FC71311B466B0600E5A48F /* Build configuration list for PBXNativeTarget "QuteDodge" */ = {
			isa = XCConfigurationList;
			buildConfigurations = (
				B5FC71321B466B0600E5A48F /* Debug */,
				B5FC71331B466B0600E5A48F /* Release */,
			);
			defaultConfigurationIsVisible = 0;
			defaultConfigurationName = Release;
		};
/* End XCConfigurationList section */
	};
	rootObject = B5FC70A81B4540EF00E5A48F /* Project object */;
}
